// !$*UTF8*$!
{
	archiveVersion = 1;
	classes = {
	};
	objectVersion = 46;
	objects = {

/* Begin PBXBuildFile section */
		3D0D965214B28BF700BB51FC /* SMViewController.m in Sources */ = {isa = PBXBuildFile; fileRef = 3D0D965114B28BF700BB51FC /* SMViewController.m */; };
		3D0D970314B2CC4600BB51FC /* ioapi.c in Sources */ = {isa = PBXBuildFile; fileRef = 3D0D96F914B2CC4600BB51FC /* ioapi.c */; };
		3D0D970414B2CC4600BB51FC /* mztools.c in Sources */ = {isa = PBXBuildFile; fileRef = 3D0D96FB14B2CC4600BB51FC /* mztools.c */; };
		3D0D970514B2CC4600BB51FC /* unzip.c in Sources */ = {isa = PBXBuildFile; fileRef = 3D0D96FD14B2CC4600BB51FC /* unzip.c */; };
		3D0D970614B2CC4600BB51FC /* zip.c in Sources */ = {isa = PBXBuildFile; fileRef = 3D0D96FF14B2CC4600BB51FC /* zip.c */; };
		3D0D970914B2CC8100BB51FC /* libz.1.2.5.dylib in Frameworks */ = {isa = PBXBuildFile; fileRef = 3D0D970814B2CC8100BB51FC /* libz.1.2.5.dylib */; };
		3D0D970C14B2D3F000BB51FC /* SMSimulatorModel.m in Sources */ = {isa = PBXBuildFile; fileRef = 3D0D970B14B2D3F000BB51FC /* SMSimulatorModel.m */; };
		3D0D972614B2E8AD00BB51FC /* ZipArchive.m in Sources */ = {isa = PBXBuildFile; fileRef = 3D0D972514B2E8AD00BB51FC /* ZipArchive.m */; };
		3D41574C14B420B2002EF5D8 /* prefs_notifications.png in Resources */ = {isa = PBXBuildFile; fileRef = 3D41574B14B420B2002EF5D8 /* prefs_notifications.png */; };
		3D41574F14B42211002EF5D8 /* noise.png in Resources */ = {isa = PBXBuildFile; fileRef = 3D41574E14B42211002EF5D8 /* noise.png */; };
		3D41575214B422A5002EF5D8 /* SMLayerView.m in Sources */ = {isa = PBXBuildFile; fileRef = 3D41575114B422A4002EF5D8 /* SMLayerView.m */; };
		3D5F1CA014B4AF620017D6C3 /* Sparkle.framework in Frameworks */ = {isa = PBXBuildFile; fileRef = 3D5F1C9F14B4AF620017D6C3 /* Sparkle.framework */; };
		3D5F1CA314B4AFA80017D6C3 /* Sparkle.framework in CopyFiles */ = {isa = PBXBuildFile; fileRef = 3D5F1C9F14B4AF620017D6C3 /* Sparkle.framework */; };
		3D5F1CA514B4B1F50017D6C3 /* dsa_pub.pem in Resources */ = {isa = PBXBuildFile; fileRef = 3D5F1CA414B4B1F50017D6C3 /* dsa_pub.pem */; };
		3D97866814B551E200F01009 /* SMDocument.m in Sources */ = {isa = PBXBuildFile; fileRef = 3D97866614B551E200F01009 /* SMDocument.m */; };
		3D97866914B551E200F01009 /* SMDocument.xib in Resources */ = {isa = PBXBuildFile; fileRef = 3D97866714B551E200F01009 /* SMDocument.xib */; };
		3DB7748A14B36CBD0042BD98 /* NSAlert-OAExtensions.m in Sources */ = {isa = PBXBuildFile; fileRef = 3DB7748914B36CBD0042BD98 /* NSAlert-OAExtensions.m */; };
		3DB7749B14B400580042BD98 /* SMFileDragView.m in Sources */ = {isa = PBXBuildFile; fileRef = 3DB7749A14B400580042BD98 /* SMFileDragView.m */; };
		3DD744EC14B52B3C00EA0A46 /* QuartzCore.framework in Frameworks */ = {isa = PBXBuildFile; fileRef = 3DD744EB14B52B3C00EA0A46 /* QuartzCore.framework */; };
		3DD744F214B532E400EA0A46 /* SMIconView.m in Sources */ = {isa = PBXBuildFile; fileRef = 3DD744F114B532E400EA0A46 /* SMIconView.m */; };
		3DEAE81714AE94E400D239B4 /* Cocoa.framework in Frameworks */ = {isa = PBXBuildFile; fileRef = 3DEAE81614AE94E400D239B4 /* Cocoa.framework */; };
		3DEAE82114AE94E400D239B4 /* InfoPlist.strings in Resources */ = {isa = PBXBuildFile; fileRef = 3DEAE81F14AE94E400D239B4 /* InfoPlist.strings */; };
		3DEAE82314AE94E400D239B4 /* main.m in Sources */ = {isa = PBXBuildFile; fileRef = 3DEAE82214AE94E400D239B4 /* main.m */; };
		3DEAE82714AE94E400D239B4 /* Credits.rtf in Resources */ = {isa = PBXBuildFile; fileRef = 3DEAE82514AE94E400D239B4 /* Credits.rtf */; };
		3DEAE82A14AE94E400D239B4 /* SMAppDelegate.m in Sources */ = {isa = PBXBuildFile; fileRef = 3DEAE82914AE94E400D239B4 /* SMAppDelegate.m */; };
		3DEAE82D14AE94E400D239B4 /* MainMenu.xib in Resources */ = {isa = PBXBuildFile; fileRef = 3DEAE82B14AE94E400D239B4 /* MainMenu.xib */; };
		3DEAE83514AE964A00D239B4 /* SMSimDeployer.m in Sources */ = {isa = PBXBuildFile; fileRef = 3DEAE83414AE964A00D239B4 /* SMSimDeployer.m */; };
		3DEAE83814B011B300D239B4 /* SMAppModel.m in Sources */ = {isa = PBXBuildFile; fileRef = 3DEAE83714B011B300D239B4 /* SMAppModel.m */; };
/* End PBXBuildFile section */

/* Begin PBXCopyFilesBuildPhase section */
		3D5F1CA214B4AF9C0017D6C3 /* CopyFiles */ = {
			isa = PBXCopyFilesBuildPhase;
			buildActionMask = 2147483647;
			dstPath = "";
			dstSubfolderSpec = 10;
			files = (
				3D5F1CA314B4AFA80017D6C3 /* Sparkle.framework in CopyFiles */,
			);
			runOnlyForDeploymentPostprocessing = 0;
		};
/* End PBXCopyFilesBuildPhase section */

/* Begin PBXFileReference section */
		3D0D965014B28BF700BB51FC /* SMViewController.h */ = {isa = PBXFileReference; fileEncoding = 4; lastKnownFileType = sourcecode.c.h; path = SMViewController.h; sourceTree = "<group>"; };
		3D0D965114B28BF700BB51FC /* SMViewController.m */ = {isa = PBXFileReference; fileEncoding = 4; lastKnownFileType = sourcecode.c.objc; path = SMViewController.m; sourceTree = "<group>"; };
		3D0D96F814B2CC4600BB51FC /* crypt.h */ = {isa = PBXFileReference; fileEncoding = 4; lastKnownFileType = sourcecode.c.h; path = crypt.h; sourceTree = "<group>"; };
		3D0D96F914B2CC4600BB51FC /* ioapi.c */ = {isa = PBXFileReference; fileEncoding = 4; lastKnownFileType = sourcecode.c.c; path = ioapi.c; sourceTree = "<group>"; };
		3D0D96FA14B2CC4600BB51FC /* ioapi.h */ = {isa = PBXFileReference; fileEncoding = 4; lastKnownFileType = sourcecode.c.h; path = ioapi.h; sourceTree = "<group>"; };
		3D0D96FB14B2CC4600BB51FC /* mztools.c */ = {isa = PBXFileReference; fileEncoding = 4; lastKnownFileType = sourcecode.c.c; path = mztools.c; sourceTree = "<group>"; };
		3D0D96FC14B2CC4600BB51FC /* mztools.h */ = {isa = PBXFileReference; fileEncoding = 4; lastKnownFileType = sourcecode.c.h; path = mztools.h; sourceTree = "<group>"; };
		3D0D96FD14B2CC4600BB51FC /* unzip.c */ = {isa = PBXFileReference; fileEncoding = 4; lastKnownFileType = sourcecode.c.c; path = unzip.c; sourceTree = "<group>"; };
		3D0D96FE14B2CC4600BB51FC /* unzip.h */ = {isa = PBXFileReference; fileEncoding = 4; lastKnownFileType = sourcecode.c.h; path = unzip.h; sourceTree = "<group>"; };
		3D0D96FF14B2CC4600BB51FC /* zip.c */ = {isa = PBXFileReference; fileEncoding = 4; lastKnownFileType = sourcecode.c.c; path = zip.c; sourceTree = "<group>"; };
		3D0D970014B2CC4600BB51FC /* zip.h */ = {isa = PBXFileReference; fileEncoding = 4; lastKnownFileType = sourcecode.c.h; path = zip.h; sourceTree = "<group>"; };
		3D0D970114B2CC4600BB51FC /* ZipArchive.h */ = {isa = PBXFileReference; fileEncoding = 4; lastKnownFileType = sourcecode.c.h; path = ZipArchive.h; sourceTree = "<group>"; };
		3D0D970814B2CC8100BB51FC /* libz.1.2.5.dylib */ = {isa = PBXFileReference; lastKnownFileType = "compiled.mach-o.dylib"; name = libz.1.2.5.dylib; path = usr/lib/libz.1.2.5.dylib; sourceTree = SDKROOT; };
		3D0D970A14B2D3F000BB51FC /* SMSimulatorModel.h */ = {isa = PBXFileReference; fileEncoding = 4; lastKnownFileType = sourcecode.c.h; path = SMSimulatorModel.h; sourceTree = "<group>"; };
		3D0D970B14B2D3F000BB51FC /* SMSimulatorModel.m */ = {isa = PBXFileReference; fileEncoding = 4; lastKnownFileType = sourcecode.c.objc; path = SMSimulatorModel.m; sourceTree = "<group>"; };
		3D0D972514B2E8AD00BB51FC /* ZipArchive.m */ = {isa = PBXFileReference; fileEncoding = 4; lastKnownFileType = sourcecode.c.objc; path = ZipArchive.m; sourceTree = "<group>"; };
		3D41574B14B420B2002EF5D8 /* prefs_notifications.png */ = {isa = PBXFileReference; lastKnownFileType = image.png; path = prefs_notifications.png; sourceTree = "<group>"; };
		3D41574E14B42211002EF5D8 /* noise.png */ = {isa = PBXFileReference; lastKnownFileType = image.png; path = noise.png; sourceTree = "<group>"; };
		3D41575014B422A4002EF5D8 /* SMLayerView.h */ = {isa = PBXFileReference; fileEncoding = 4; lastKnownFileType = sourcecode.c.h; path = SMLayerView.h; sourceTree = "<group>"; };
		3D41575114B422A4002EF5D8 /* SMLayerView.m */ = {isa = PBXFileReference; fileEncoding = 4; lastKnownFileType = sourcecode.c.objc; path = SMLayerView.m; sourceTree = "<group>"; };
		3D5F1C9F14B4AF620017D6C3 /* Sparkle.framework */ = {isa = PBXFileReference; lastKnownFileType = wrapper.framework; path = Sparkle.framework; sourceTree = "<group>"; };
		3D5F1CA414B4B1F50017D6C3 /* dsa_pub.pem */ = {isa = PBXFileReference; fileEncoding = 4; lastKnownFileType = text; path = dsa_pub.pem; sourceTree = "<group>"; };
		3D97866514B551E200F01009 /* SMDocument.h */ = {isa = PBXFileReference; fileEncoding = 4; lastKnownFileType = sourcecode.c.h; path = SMDocument.h; sourceTree = "<group>"; };
		3D97866614B551E200F01009 /* SMDocument.m */ = {isa = PBXFileReference; fileEncoding = 4; lastKnownFileType = sourcecode.c.objc; path = SMDocument.m; sourceTree = "<group>"; };
		3D97866714B551E200F01009 /* SMDocument.xib */ = {isa = PBXFileReference; fileEncoding = 4; lastKnownFileType = file.xib; path = SMDocument.xib; sourceTree = "<group>"; };
		3DB7748814B36CBD0042BD98 /* NSAlert-OAExtensions.h */ = {isa = PBXFileReference; fileEncoding = 4; lastKnownFileType = sourcecode.c.h; path = "NSAlert-OAExtensions.h"; sourceTree = "<group>"; };
		3DB7748914B36CBD0042BD98 /* NSAlert-OAExtensions.m */ = {isa = PBXFileReference; fileEncoding = 4; lastKnownFileType = sourcecode.c.objc; path = "NSAlert-OAExtensions.m"; sourceTree = "<group>"; };
		3DB7749914B400580042BD98 /* SMFileDragView.h */ = {isa = PBXFileReference; fileEncoding = 4; lastKnownFileType = sourcecode.c.h; path = SMFileDragView.h; sourceTree = "<group>"; };
		3DB7749A14B400580042BD98 /* SMFileDragView.m */ = {isa = PBXFileReference; fileEncoding = 4; lastKnownFileType = sourcecode.c.objc; path = SMFileDragView.m; sourceTree = "<group>"; };
		3DD744EB14B52B3C00EA0A46 /* QuartzCore.framework */ = {isa = PBXFileReference; lastKnownFileType = wrapper.framework; name = QuartzCore.framework; path = System/Library/Frameworks/QuartzCore.framework; sourceTree = SDKROOT; };
		3DD744F014B532E400EA0A46 /* SMIconView.h */ = {isa = PBXFileReference; fileEncoding = 4; lastKnownFileType = sourcecode.c.h; path = SMIconView.h; sourceTree = "<group>"; };
		3DD744F114B532E400EA0A46 /* SMIconView.m */ = {isa = PBXFileReference; fileEncoding = 4; lastKnownFileType = sourcecode.c.objc; path = SMIconView.m; sourceTree = "<group>"; };
		3DEAE81214AE94E400D239B4 /* SimDeploy.app */ = {isa = PBXFileReference; explicitFileType = wrapper.application; includeInIndex = 0; path = SimDeploy.app; sourceTree = BUILT_PRODUCTS_DIR; };
		3DEAE81614AE94E400D239B4 /* Cocoa.framework */ = {isa = PBXFileReference; lastKnownFileType = wrapper.framework; name = Cocoa.framework; path = System/Library/Frameworks/Cocoa.framework; sourceTree = SDKROOT; };
		3DEAE81914AE94E400D239B4 /* AppKit.framework */ = {isa = PBXFileReference; lastKnownFileType = wrapper.framework; name = AppKit.framework; path = System/Library/Frameworks/AppKit.framework; sourceTree = SDKROOT; };
		3DEAE81A14AE94E400D239B4 /* CoreData.framework */ = {isa = PBXFileReference; lastKnownFileType = wrapper.framework; name = CoreData.framework; path = System/Library/Frameworks/CoreData.framework; sourceTree = SDKROOT; };
		3DEAE81B14AE94E400D239B4 /* Foundation.framework */ = {isa = PBXFileReference; lastKnownFileType = wrapper.framework; name = Foundation.framework; path = System/Library/Frameworks/Foundation.framework; sourceTree = SDKROOT; };
		3DEAE81E14AE94E400D239B4 /* SimDeploy-Info.plist */ = {isa = PBXFileReference; lastKnownFileType = text.plist.xml; path = "SimDeploy-Info.plist"; sourceTree = "<group>"; };
		3DEAE82014AE94E400D239B4 /* en */ = {isa = PBXFileReference; lastKnownFileType = text.plist.strings; name = en; path = en.lproj/InfoPlist.strings; sourceTree = "<group>"; };
		3DEAE82214AE94E400D239B4 /* main.m */ = {isa = PBXFileReference; lastKnownFileType = sourcecode.c.objc; path = main.m; sourceTree = "<group>"; };
		3DEAE82414AE94E400D239B4 /* SimDeploy-Prefix.pch */ = {isa = PBXFileReference; lastKnownFileType = sourcecode.c.h; path = "SimDeploy-Prefix.pch"; sourceTree = "<group>"; };
		3DEAE82614AE94E400D239B4 /* en */ = {isa = PBXFileReference; lastKnownFileType = text.rtf; name = en; path = en.lproj/Credits.rtf; sourceTree = "<group>"; };
		3DEAE82814AE94E400D239B4 /* SMAppDelegate.h */ = {isa = PBXFileReference; lastKnownFileType = sourcecode.c.h; path = SMAppDelegate.h; sourceTree = "<group>"; };
		3DEAE82914AE94E400D239B4 /* SMAppDelegate.m */ = {isa = PBXFileReference; lastKnownFileType = sourcecode.c.objc; path = SMAppDelegate.m; sourceTree = "<group>"; };
		3DEAE82C14AE94E400D239B4 /* en */ = {isa = PBXFileReference; lastKnownFileType = file.xib; name = en; path = en.lproj/MainMenu.xib; sourceTree = "<group>"; };
		3DEAE83314AE964A00D239B4 /* SMSimDeployer.h */ = {isa = PBXFileReference; fileEncoding = 4; lastKnownFileType = sourcecode.c.h; path = SMSimDeployer.h; sourceTree = "<group>"; };
		3DEAE83414AE964A00D239B4 /* SMSimDeployer.m */ = {isa = PBXFileReference; fileEncoding = 4; lastKnownFileType = sourcecode.c.objc; path = SMSimDeployer.m; sourceTree = "<group>"; };
		3DEAE83614B011B300D239B4 /* SMAppModel.h */ = {isa = PBXFileReference; fileEncoding = 4; lastKnownFileType = sourcecode.c.h; path = SMAppModel.h; sourceTree = "<group>"; };
		3DEAE83714B011B300D239B4 /* SMAppModel.m */ = {isa = PBXFileReference; fileEncoding = 4; lastKnownFileType = sourcecode.c.objc; path = SMAppModel.m; sourceTree = "<group>"; };
/* End PBXFileReference section */

/* Begin PBXFrameworksBuildPhase section */
		3DEAE80F14AE94E400D239B4 /* Frameworks */ = {
			isa = PBXFrameworksBuildPhase;
			buildActionMask = 2147483647;
			files = (
				3DD744EC14B52B3C00EA0A46 /* QuartzCore.framework in Frameworks */,
				3D0D970914B2CC8100BB51FC /* libz.1.2.5.dylib in Frameworks */,
				3DEAE81714AE94E400D239B4 /* Cocoa.framework in Frameworks */,
				3D5F1CA014B4AF620017D6C3 /* Sparkle.framework in Frameworks */,
			);
			runOnlyForDeploymentPostprocessing = 0;
		};
/* End PBXFrameworksBuildPhase section */

/* Begin PBXGroup section */
		3D0D96F614B2CC4600BB51FC /* ZipArchive */ = {
			isa = PBXGroup;
			children = (
				3D0D96F714B2CC4600BB51FC /* minizip */,
				3D0D970114B2CC4600BB51FC /* ZipArchive.h */,
				3D0D972514B2E8AD00BB51FC /* ZipArchive.m */,
			);
			name = ZipArchive;
			path = SimDeploy/ZipArchive;
			sourceTree = "<group>";
		};
		3D0D96F714B2CC4600BB51FC /* minizip */ = {
			isa = PBXGroup;
			children = (
				3D0D96F814B2CC4600BB51FC /* crypt.h */,
				3D0D96F914B2CC4600BB51FC /* ioapi.c */,
				3D0D96FA14B2CC4600BB51FC /* ioapi.h */,
				3D0D96FB14B2CC4600BB51FC /* mztools.c */,
				3D0D96FC14B2CC4600BB51FC /* mztools.h */,
				3D0D96FD14B2CC4600BB51FC /* unzip.c */,
				3D0D96FE14B2CC4600BB51FC /* unzip.h */,
				3D0D96FF14B2CC4600BB51FC /* zip.c */,
				3D0D970014B2CC4600BB51FC /* zip.h */,
			);
			path = minizip;
			sourceTree = "<group>";
		};
		3D41574D14B421FB002EF5D8 /* Resources */ = {
			isa = PBXGroup;
			children = (
				3D5F1CA414B4B1F50017D6C3 /* dsa_pub.pem */,
				3D41574E14B42211002EF5D8 /* noise.png */,
			);
			path = Resources;
			sourceTree = "<group>";
		};
		3DB7748714B362990042BD98 /* Model */ = {
			isa = PBXGroup;
			children = (
				3DEAE83614B011B300D239B4 /* SMAppModel.h */,
				3DEAE83714B011B300D239B4 /* SMAppModel.m */,
				3D0D970A14B2D3F000BB51FC /* SMSimulatorModel.h */,
				3D0D970B14B2D3F000BB51FC /* SMSimulatorModel.m */,
			);
			name = Model;
			sourceTree = "<group>";
		};
		3DEAE80714AE94E400D239B4 = {
			isa = PBXGroup;
			children = (
				3DD744EB14B52B3C00EA0A46 /* QuartzCore.framework */,
				3DEAE81C14AE94E400D239B4 /* SimDeploy */,
				3D0D96F614B2CC4600BB51FC /* ZipArchive */,
				3DEAE81514AE94E400D239B4 /* Frameworks */,
				3DEAE81314AE94E400D239B4 /* Products */,
			);
			sourceTree = "<group>";
		};
		3DEAE81314AE94E400D239B4 /* Products */ = {
			isa = PBXGroup;
			children = (
				3DEAE81214AE94E400D239B4 /* SimDeploy.app */,
			);
			name = Products;
			sourceTree = "<group>";
		};
		3DEAE81514AE94E400D239B4 /* Frameworks */ = {
			isa = PBXGroup;
			children = (
				3D5F1C9F14B4AF620017D6C3 /* Sparkle.framework */,
				3D0D970814B2CC8100BB51FC /* libz.1.2.5.dylib */,
				3DEAE81614AE94E400D239B4 /* Cocoa.framework */,
				3DEAE81814AE94E400D239B4 /* Other Frameworks */,
			);
			name = Frameworks;
			sourceTree = "<group>";
		};
		3DEAE81814AE94E400D239B4 /* Other Frameworks */ = {
			isa = PBXGroup;
			children = (
				3DEAE81914AE94E400D239B4 /* AppKit.framework */,
				3DEAE81A14AE94E400D239B4 /* CoreData.framework */,
				3DEAE81B14AE94E400D239B4 /* Foundation.framework */,
			);
			name = "Other Frameworks";
			sourceTree = "<group>";
		};
		3DEAE81C14AE94E400D239B4 /* SimDeploy */ = {
			isa = PBXGroup;
			children = (
				3DB7748714B362990042BD98 /* Model */,
				3DB7748814B36CBD0042BD98 /* NSAlert-OAExtensions.h */,
				3DB7748914B36CBD0042BD98 /* NSAlert-OAExtensions.m */,
				3DEAE82B14AE94E400D239B4 /* MainMenu.xib */,
				3DEAE82814AE94E400D239B4 /* SMAppDelegate.h */,
				3DEAE82914AE94E400D239B4 /* SMAppDelegate.m */,
				3D0D965014B28BF700BB51FC /* SMViewController.h */,
				3D0D965114B28BF700BB51FC /* SMViewController.m */,
				3DEAE83314AE964A00D239B4 /* SMSimDeployer.h */,
				3DEAE83414AE964A00D239B4 /* SMSimDeployer.m */,
				3D41574D14B421FB002EF5D8 /* Resources */,
				3DEAE81D14AE94E400D239B4 /* Supporting Files */,
				3DB7749914B400580042BD98 /* SMFileDragView.h */,
				3DB7749A14B400580042BD98 /* SMFileDragView.m */,
				3D41575014B422A4002EF5D8 /* SMLayerView.h */,
				3D41575114B422A4002EF5D8 /* SMLayerView.m */,
				3DD744F014B532E400EA0A46 /* SMIconView.h */,
				3DD744F114B532E400EA0A46 /* SMIconView.m */,
				3D97866514B551E200F01009 /* SMDocument.h */,
				3D97866614B551E200F01009 /* SMDocument.m */,
				3D97866714B551E200F01009 /* SMDocument.xib */,
			);
			path = SimDeploy;
			sourceTree = "<group>";
		};
		3DEAE81D14AE94E400D239B4 /* Supporting Files */ = {
			isa = PBXGroup;
			children = (
				3DEAE81E14AE94E400D239B4 /* SimDeploy-Info.plist */,
				3DEAE81F14AE94E400D239B4 /* InfoPlist.strings */,
				3DEAE82214AE94E400D239B4 /* main.m */,
				3DEAE82414AE94E400D239B4 /* SimDeploy-Prefix.pch */,
				3DEAE82514AE94E400D239B4 /* Credits.rtf */,
				3D41574B14B420B2002EF5D8 /* prefs_notifications.png */,
			);
			name = "Supporting Files";
			sourceTree = "<group>";
		};
/* End PBXGroup section */

/* Begin PBXNativeTarget section */
		3DEAE81114AE94E400D239B4 /* SimDeploy */ = {
			isa = PBXNativeTarget;
			buildConfigurationList = 3DEAE83014AE94E400D239B4 /* Build configuration list for PBXNativeTarget "SimDeploy" */;
			buildPhases = (
				3DEAE80E14AE94E400D239B4 /* Sources */,
				3DEAE80F14AE94E400D239B4 /* Frameworks */,
				3DEAE81014AE94E400D239B4 /* Resources */,
				3D5F1CA214B4AF9C0017D6C3 /* CopyFiles */,
			);
			buildRules = (
			);
			dependencies = (
			);
			name = SimDeploy;
			productName = SimDeploy;
			productReference = 3DEAE81214AE94E400D239B4 /* SimDeploy.app */;
			productType = "com.apple.product-type.application";
		};
/* End PBXNativeTarget section */

/* Begin PBXProject section */
		3DEAE80914AE94E400D239B4 /* Project object */ = {
			isa = PBXProject;
			attributes = {
				LastUpgradeCheck = 0420;
			};
			buildConfigurationList = 3DEAE80C14AE94E400D239B4 /* Build configuration list for PBXProject "SimDeploy" */;
			compatibilityVersion = "Xcode 3.2";
			developmentRegion = English;
			hasScannedForEncodings = 0;
			knownRegions = (
				en,
			);
			mainGroup = 3DEAE80714AE94E400D239B4;
			productRefGroup = 3DEAE81314AE94E400D239B4 /* Products */;
			projectDirPath = "";
			projectRoot = "";
			targets = (
				3DEAE81114AE94E400D239B4 /* SimDeploy */,
			);
		};
/* End PBXProject section */

/* Begin PBXResourcesBuildPhase section */
		3DEAE81014AE94E400D239B4 /* Resources */ = {
			isa = PBXResourcesBuildPhase;
			buildActionMask = 2147483647;
			files = (
				3DEAE82114AE94E400D239B4 /* InfoPlist.strings in Resources */,
				3DEAE82714AE94E400D239B4 /* Credits.rtf in Resources */,
				3DEAE82D14AE94E400D239B4 /* MainMenu.xib in Resources */,
				3D41574C14B420B2002EF5D8 /* prefs_notifications.png in Resources */,
				3D41574F14B42211002EF5D8 /* noise.png in Resources */,
				3D5F1CA514B4B1F50017D6C3 /* dsa_pub.pem in Resources */,
				3D97866914B551E200F01009 /* SMDocument.xib in Resources */,
			);
			runOnlyForDeploymentPostprocessing = 0;
		};
/* End PBXResourcesBuildPhase section */

/* Begin PBXSourcesBuildPhase section */
		3DEAE80E14AE94E400D239B4 /* Sources */ = {
			isa = PBXSourcesBuildPhase;
			buildActionMask = 2147483647;
			files = (
				3DEAE82314AE94E400D239B4 /* main.m in Sources */,
				3DEAE82A14AE94E400D239B4 /* SMAppDelegate.m in Sources */,
				3DEAE83514AE964A00D239B4 /* SMSimDeployer.m in Sources */,
				3DEAE83814B011B300D239B4 /* SMAppModel.m in Sources */,
				3D0D965214B28BF700BB51FC /* SMViewController.m in Sources */,
				3D0D970314B2CC4600BB51FC /* ioapi.c in Sources */,
				3D0D970414B2CC4600BB51FC /* mztools.c in Sources */,
				3D0D970514B2CC4600BB51FC /* unzip.c in Sources */,
				3D0D970614B2CC4600BB51FC /* zip.c in Sources */,
				3D0D970C14B2D3F000BB51FC /* SMSimulatorModel.m in Sources */,
				3D0D972614B2E8AD00BB51FC /* ZipArchive.m in Sources */,
				3DB7748A14B36CBD0042BD98 /* NSAlert-OAExtensions.m in Sources */,
				3DB7749B14B400580042BD98 /* SMFileDragView.m in Sources */,
				3D41575214B422A5002EF5D8 /* SMLayerView.m in Sources */,
				3DD744F214B532E400EA0A46 /* SMIconView.m in Sources */,
				3D97866814B551E200F01009 /* SMDocument.m in Sources */,
			);
			runOnlyForDeploymentPostprocessing = 0;
		};
/* End PBXSourcesBuildPhase section */

/* Begin PBXVariantGroup section */
		3DEAE81F14AE94E400D239B4 /* InfoPlist.strings */ = {
			isa = PBXVariantGroup;
			children = (
				3DEAE82014AE94E400D239B4 /* en */,
			);
			name = InfoPlist.strings;
			sourceTree = "<group>";
		};
		3DEAE82514AE94E400D239B4 /* Credits.rtf */ = {
			isa = PBXVariantGroup;
			children = (
				3DEAE82614AE94E400D239B4 /* en */,
			);
			name = Credits.rtf;
			sourceTree = "<group>";
		};
		3DEAE82B14AE94E400D239B4 /* MainMenu.xib */ = {
			isa = PBXVariantGroup;
			children = (
				3DEAE82C14AE94E400D239B4 /* en */,
			);
			name = MainMenu.xib;
			sourceTree = "<group>";
		};
/* End PBXVariantGroup section */

/* Begin XCBuildConfiguration section */
		3DEAE82E14AE94E400D239B4 /* Debug */ = {
			isa = XCBuildConfiguration;
			buildSettings = {
				ALWAYS_SEARCH_USER_PATHS = NO;
				ARCHS = "$(ARCHS_STANDARD_64_BIT)";
				CLANG_WARN_OBJCPP_ARC_ABI = YES;
				COPY_PHASE_STRIP = NO;
				GCC_C_LANGUAGE_STANDARD = gnu99;
				GCC_DYNAMIC_NO_PIC = NO;
				GCC_ENABLE_OBJC_EXCEPTIONS = YES;
				GCC_OPTIMIZATION_LEVEL = 0;
				GCC_PREPROCESSOR_DEFINITIONS = (
					"DEBUG=1",
					"$(inherited)",
				);
				GCC_SYMBOLS_PRIVATE_EXTERN = NO;
				GCC_VERSION = com.apple.compilers.llvm.clang.1_0;
				GCC_WARN_64_TO_32_BIT_CONVERSION = YES;
				GCC_WARN_ABOUT_MISSING_PROTOTYPES = YES;
				GCC_WARN_ABOUT_RETURN_TYPE = YES;
				GCC_WARN_UNUSED_VARIABLE = YES;
				MACOSX_DEPLOYMENT_TARGET = 10.7;
				ONLY_ACTIVE_ARCH = YES;
				SDKROOT = macosx;
			};
			name = Debug;
		};
		3DEAE82F14AE94E400D239B4 /* Release */ = {
			isa = XCBuildConfiguration;
			buildSettings = {
				ALWAYS_SEARCH_USER_PATHS = NO;
				ARCHS = "$(ARCHS_STANDARD_64_BIT)";
				CLANG_WARN_OBJCPP_ARC_ABI = YES;
				COPY_PHASE_STRIP = YES;
				DEBUG_INFORMATION_FORMAT = "dwarf-with-dsym";
				GCC_C_LANGUAGE_STANDARD = gnu99;
				GCC_ENABLE_OBJC_EXCEPTIONS = YES;
				GCC_VERSION = com.apple.compilers.llvm.clang.1_0;
				GCC_WARN_64_TO_32_BIT_CONVERSION = YES;
				GCC_WARN_ABOUT_MISSING_PROTOTYPES = YES;
				GCC_WARN_ABOUT_RETURN_TYPE = YES;
				GCC_WARN_UNUSED_VARIABLE = YES;
				MACOSX_DEPLOYMENT_TARGET = 10.7;
				SDKROOT = macosx;
			};
			name = Release;
		};
		3DEAE83114AE94E400D239B4 /* Debug */ = {
			isa = XCBuildConfiguration;
			buildSettings = {
				FRAMEWORK_SEARCH_PATHS = (
					"$(inherited)",
					"\"$(SRCROOT)\"",
				);
				GCC_PRECOMPILE_PREFIX_HEADER = YES;
				GCC_PREFIX_HEADER = "SimDeploy/SimDeploy-Prefix.pch";
				INFOPLIST_FILE = "SimDeploy/SimDeploy-Info.plist";
				PRODUCT_NAME = "$(TARGET_NAME)";
				WRAPPER_EXTENSION = app;
			};
			name = Debug;
		};
		3DEAE83214AE94E400D239B4 /* Release */ = {
			isa = XCBuildConfiguration;
			buildSettings = {
				FRAMEWORK_SEARCH_PATHS = (
					"$(inherited)",
					"\"$(SRCROOT)\"",
				);
				GCC_PRECOMPILE_PREFIX_HEADER = YES;
				GCC_PREFIX_HEADER = "SimDeploy/SimDeploy-Prefix.pch";
				INFOPLIST_FILE = "SimDeploy/SimDeploy-Info.plist";
				PRODUCT_NAME = "$(TARGET_NAME)";
				WRAPPER_EXTENSION = app;
			};
			name = Release;
		};
/* End XCBuildConfiguration section */

/* Begin XCConfigurationList section */
		3DEAE80C14AE94E400D239B4 /* Build configuration list for PBXProject "SimDeploy" */ = {
			isa = XCConfigurationList;
			buildConfigurations = (
				3DEAE82E14AE94E400D239B4 /* Debug */,
				3DEAE82F14AE94E400D239B4 /* Release */,
			);
			defaultConfigurationIsVisible = 0;
			defaultConfigurationName = Release;
		};
		3DEAE83014AE94E400D239B4 /* Build configuration list for PBXNativeTarget "SimDeploy" */ = {
			isa = XCConfigurationList;
			buildConfigurations = (
				3DEAE83114AE94E400D239B4 /* Debug */,
				3DEAE83214AE94E400D239B4 /* Release */,
			);
			defaultConfigurationIsVisible = 0;
			defaultConfigurationName = Release;
		};
/* End XCConfigurationList section */
	};
	rootObject = 3DEAE80914AE94E400D239B4 /* Project object */;
}
